
Microsoft Visual Studio Solution File, Format Version 12.00
# Visual Studio Version 17
VisualStudioVersion = 17.7.34031.279
MinimumVisualStudioVersion = 10.0.40219.1
Project("{9A19103F-16F7-4668-BE54-9A1E7A4F7556}") = "WebAPI", "WebAPI\WebAPI.csproj", "{9215FEBD-B6E0-44CA-99A0-777C32740F09}"
EndProject
Project("{9A19103F-16F7-4668-BE54-9A1E7A4F7556}") = "AdminApplication", "..\ManagerApplication\ManagerApplication\AdminApplication.csproj", "{3A4D345F-6B28-4CED-8431-FFA761B6FFF6}"
EndProject
Global
	GlobalSection(SolutionConfigurationPlatforms) = preSolution
		Debug|Any CPU = Debug|Any CPU
		Release|Any CPU = Release|Any CPU
	EndGlobalSection
	GlobalSection(ProjectConfigurationPlatforms) = postSolution
		{9215FEBD-B6E0-44CA-99A0-777C32740F09}.Debug|Any CPU.ActiveCfg = Debug|Any CPU
		{9215FEBD-B6E0-44CA-99A0-777C32740F09}.Debug|Any CPU.Build.0 = Debug|Any CPU
		{9215FEBD-B6E0-44CA-99A0-777C32740F09}.Release|Any CPU.ActiveCfg = Release|Any CPU
		{9215FEBD-B6E0-44CA-99A0-777C32740F09}.Release|Any CPU.Build.0 = Release|Any CPU
		{3A4D345F-6B28-4CED-8431-FFA761B6FFF6}.Debug|Any CPU.ActiveCfg = Debug|Any CPU
		{3A4D345F-6B28-4CED-8431-FFA761B6FFF6}.Debug|Any CPU.Build.0 = Debug|Any CPU
		{3A4D345F-6B28-4CED-8431-FFA761B6FFF6}.Release|Any CPU.ActiveCfg = Release|Any CPU
		{3A4D345F-6B28-4CED-8431-FFA761B6FFF6}.Release|Any CPU.Build.0 = Release|Any CPU
	EndGlobalSection
	GlobalSection(SolutionProperties) = preSolution
		HideSolutionNode = FALSE
	EndGlobalSection
	GlobalSection(ExtensibilityGlobals) = postSolution
		SolutionGuid = {7FA048AD-AF79-4532-8EA8-D8CD9A6D0AC2}
	EndGlobalSection
EndGlobal
